
Microsoft Visual Studio Solution File, Format Version 12.00
# Visual Studio 14
VisualStudioVersion = 14.0.23107.0
MinimumVisualStudioVersion = 10.0.40219.1
Project("{FAE04EC0-301F-11D3-BF4B-00C04F79EFBC}") = "SunCheckPoint", "SunCheckPoint\SunCheckPoint.csproj", "{30927A1C-D28F-4320-A030-131952B95F73}"
EndProject
Project("{FAE04EC0-301F-11D3-BF4B-00C04F79EFBC}") = "SunPublishShare", "SunTarget\SunPublishShare.csproj", "{008BDEAD-D561-401D-9109-9638A6FCB565}"
EndProject
Project("{FAE04EC0-301F-11D3-BF4B-00C04F79EFBC}") = "CashierTask", "CashierTask\CashierTask.csproj", "{FCA05393-4540-44B0-9A1C-FC5E81A68E9E}"
EndProject
Project("{FAE04EC0-301F-11D3-BF4B-00C04F79EFBC}") = "CashierService", "CashierService\CashierService.csproj", "{0326E3C8-019A-44C8-A368-6F1540150B4B}"
EndProject
Project("{FAE04EC0-301F-11D3-BF4B-00C04F79EFBC}") = "Sun_ResultTarget", "Sun_ResultTarget\Sun_ResultTarget.csproj", "{FFD980DB-7860-4E30-9519-FC42212642F1}"
EndProject
Project("{FAE04EC0-301F-11D3-BF4B-00C04F79EFBC}") = "CommonLibrary", "CommonLibrary\CommonLibrary.csproj", "{00B6ADBD-0B3A-47AE-91BF-19D0A5FBC11F}"
EndProject
Project("{FAE04EC0-301F-11D3-BF4B-00C04F79EFBC}") = "wpfclient", "wpfclient\wpfclient.csproj", "{32E6CA76-1700-4753-B096-0CFE4E8BE93C}"
EndProject
Project("{FAE04EC0-301F-11D3-BF4B-00C04F79EFBC}") = "CashierSecondTask", "CashierSecondTask\CashierSecondTask.csproj", "{C61B3605-9ED1-4B8D-9380-AB0D4D705286}"
EndProject
Project("{FAE04EC0-301F-11D3-BF4B-00C04F79EFBC}") = "SunAppserviceClient", "SunAppserviceClient\SunAppserviceClient.csproj", "{93927C54-4A43-4C4A-908E-97A60D4A2253}"
EndProject
Project("{FAE04EC0-301F-11D3-BF4B-00C04F79EFBC}") = "HostAppTest", "HostAppTest\HostAppTest.csproj", "{C1A4FADA-32A9-4DDD-83F0-72CF8209D54D}"
EndProject
Global
	GlobalSection(SolutionConfigurationPlatforms) = preSolution
		Debug|Any CPU = Debug|Any CPU
		Debug|ARM = Debug|ARM
		Debug|x64 = Debug|x64
		Debug|x86 = Debug|x86
		Release|Any CPU = Release|Any CPU
		Release|ARM = Release|ARM
		Release|x64 = Release|x64
		Release|x86 = Release|x86
	EndGlobalSection
	GlobalSection(ProjectConfigurationPlatforms) = postSolution
		{30927A1C-D28F-4320-A030-131952B95F73}.Debug|Any CPU.ActiveCfg = Debug|x86
		{30927A1C-D28F-4320-A030-131952B95F73}.Debug|ARM.ActiveCfg = Debug|ARM
		{30927A1C-D28F-4320-A030-131952B95F73}.Debug|ARM.Build.0 = Debug|ARM
		{30927A1C-D28F-4320-A030-131952B95F73}.Debug|ARM.Deploy.0 = Debug|ARM
		{30927A1C-D28F-4320-A030-131952B95F73}.Debug|x64.ActiveCfg = Debug|x64
		{30927A1C-D28F-4320-A030-131952B95F73}.Debug|x64.Build.0 = Debug|x64
		{30927A1C-D28F-4320-A030-131952B95F73}.Debug|x64.Deploy.0 = Debug|x64
		{30927A1C-D28F-4320-A030-131952B95F73}.Debug|x86.ActiveCfg = Debug|x86
		{30927A1C-D28F-4320-A030-131952B95F73}.Debug|x86.Build.0 = Debug|x86
		{30927A1C-D28F-4320-A030-131952B95F73}.Debug|x86.Deploy.0 = Debug|x86
		{30927A1C-D28F-4320-A030-131952B95F73}.Release|Any CPU.ActiveCfg = Release|x86
		{30927A1C-D28F-4320-A030-131952B95F73}.Release|ARM.ActiveCfg = Release|ARM
		{30927A1C-D28F-4320-A030-131952B95F73}.Release|ARM.Build.0 = Release|ARM
		{30927A1C-D28F-4320-A030-131952B95F73}.Release|ARM.Deploy.0 = Release|ARM
		{30927A1C-D28F-4320-A030-131952B95F73}.Release|x64.ActiveCfg = Release|x64
		{30927A1C-D28F-4320-A030-131952B95F73}.Release|x64.Build.0 = Release|x64
		{30927A1C-D28F-4320-A030-131952B95F73}.Release|x64.Deploy.0 = Release|x64
		{30927A1C-D28F-4320-A030-131952B95F73}.Release|x86.ActiveCfg = Release|x86
		{30927A1C-D28F-4320-A030-131952B95F73}.Release|x86.Build.0 = Release|x86
		{30927A1C-D28F-4320-A030-131952B95F73}.Release|x86.Deploy.0 = Release|x86
		{008BDEAD-D561-401D-9109-9638A6FCB565}.Debug|Any CPU.ActiveCfg = Debug|x86
		{008BDEAD-D561-401D-9109-9638A6FCB565}.Debug|ARM.ActiveCfg = Debug|ARM
		{008BDEAD-D561-401D-9109-9638A6FCB565}.Debug|ARM.Build.0 = Debug|ARM
		{008BDEAD-D561-401D-9109-9638A6FCB565}.Debug|ARM.Deploy.0 = Debug|ARM
		{008BDEAD-D561-401D-9109-9638A6FCB565}.Debug|x64.ActiveCfg = Debug|x64
		{008BDEAD-D561-401D-9109-9638A6FCB565}.Debug|x64.Build.0 = Debug|x64
		{008BDEAD-D561-401D-9109-9638A6FCB565}.Debug|x64.Deploy.0 = Debug|x64
		{008BDEAD-D561-401D-9109-9638A6FCB565}.Debug|x86.ActiveCfg = Debug|x86
		{008BDEAD-D561-401D-9109-9638A6FCB565}.Debug|x86.Build.0 = Debug|x86
		{008BDEAD-D561-401D-9109-9638A6FCB565}.Debug|x86.Deploy.0 = Debug|x86
		{008BDEAD-D561-401D-9109-9638A6FCB565}.Release|Any CPU.ActiveCfg = Release|x86
		{008BDEAD-D561-401D-9109-9638A6FCB565}.Release|ARM.ActiveCfg = Release|ARM
		{008BDEAD-D561-401D-9109-9638A6FCB565}.Release|ARM.Build.0 = Release|ARM
		{008BDEAD-D561-401D-9109-9638A6FCB565}.Release|ARM.Deploy.0 = Release|ARM
		{008BDEAD-D561-401D-9109-9638A6FCB565}.Release|x64.ActiveCfg = Release|x64
		{008BDEAD-D561-401D-9109-9638A6FCB565}.Release|x64.Build.0 = Release|x64
		{008BDEAD-D561-401D-9109-9638A6FCB565}.Release|x64.Deploy.0 = Release|x64
		{008BDEAD-D561-401D-9109-9638A6FCB565}.Release|x86.ActiveCfg = Release|x86
		{008BDEAD-D561-401D-9109-9638A6FCB565}.Release|x86.Build.0 = Release|x86
		{008BDEAD-D561-401D-9109-9638A6FCB565}.Release|x86.Deploy.0 = Release|x86
		{FCA05393-4540-44B0-9A1C-FC5E81A68E9E}.Debug|Any CPU.ActiveCfg = Debug|Any CPU
		{FCA05393-4540-44B0-9A1C-FC5E81A68E9E}.Debug|Any CPU.Build.0 = Debug|Any CPU
		{FCA05393-4540-44B0-9A1C-FC5E81A68E9E}.Debug|ARM.ActiveCfg = Debug|ARM
		{FCA05393-4540-44B0-9A1C-FC5E81A68E9E}.Debug|ARM.Build.0 = Debug|ARM
		{FCA05393-4540-44B0-9A1C-FC5E81A68E9E}.Debug|x64.ActiveCfg = Debug|x64
		{FCA05393-4540-44B0-9A1C-FC5E81A68E9E}.Debug|x64.Build.0 = Debug|x64
		{FCA05393-4540-44B0-9A1C-FC5E81A68E9E}.Debug|x86.ActiveCfg = Debug|x86
		{FCA05393-4540-44B0-9A1C-FC5E81A68E9E}.Debug|x86.Build.0 = Debug|x86
		{FCA05393-4540-44B0-9A1C-FC5E81A68E9E}.Release|Any CPU.ActiveCfg = Release|Any CPU
		{FCA05393-4540-44B0-9A1C-FC5E81A68E9E}.Release|Any CPU.Build.0 = Release|Any CPU
		{FCA05393-4540-44B0-9A1C-FC5E81A68E9E}.Release|ARM.ActiveCfg = Release|ARM
		{FCA05393-4540-44B0-9A1C-FC5E81A68E9E}.Release|ARM.Build.0 = Release|ARM
		{FCA05393-4540-44B0-9A1C-FC5E81A68E9E}.Release|x64.ActiveCfg = Release|x64
		{FCA05393-4540-44B0-9A1C-FC5E81A68E9E}.Release|x64.Build.0 = Release|x64
		{FCA05393-4540-44B0-9A1C-FC5E81A68E9E}.Release|x86.ActiveCfg = Release|x86
		{FCA05393-4540-44B0-9A1C-FC5E81A68E9E}.Release|x86.Build.0 = Release|x86
		{0326E3C8-019A-44C8-A368-6F1540150B4B}.Debug|Any CPU.ActiveCfg = Debug|x86
		{0326E3C8-019A-44C8-A368-6F1540150B4B}.Debug|ARM.ActiveCfg = Debug|ARM
		{0326E3C8-019A-44C8-A368-6F1540150B4B}.Debug|ARM.Build.0 = Debug|ARM
		{0326E3C8-019A-44C8-A368-6F1540150B4B}.Debug|ARM.Deploy.0 = Debug|ARM
		{0326E3C8-019A-44C8-A368-6F1540150B4B}.Debug|x64.ActiveCfg = Debug|x64
		{0326E3C8-019A-44C8-A368-6F1540150B4B}.Debug|x64.Build.0 = Debug|x64
		{0326E3C8-019A-44C8-A368-6F1540150B4B}.Debug|x64.Deploy.0 = Debug|x64
		{0326E3C8-019A-44C8-A368-6F1540150B4B}.Debug|x86.ActiveCfg = Debug|x86
		{0326E3C8-019A-44C8-A368-6F1540150B4B}.Debug|x86.Build.0 = Debug|x86
		{0326E3C8-019A-44C8-A368-6F1540150B4B}.Debug|x86.Deploy.0 = Debug|x86
		{0326E3C8-019A-44C8-A368-6F1540150B4B}.Release|Any CPU.ActiveCfg = Release|x86
		{0326E3C8-019A-44C8-A368-6F1540150B4B}.Release|ARM.ActiveCfg = Release|ARM
		{0326E3C8-019A-44C8-A368-6F1540150B4B}.Release|ARM.Build.0 = Release|ARM
		{0326E3C8-019A-44C8-A368-6F1540150B4B}.Release|ARM.Deploy.0 = Release|ARM
		{0326E3C8-019A-44C8-A368-6F1540150B4B}.Release|x64.ActiveCfg = Release|x64
		{0326E3C8-019A-44C8-A368-6F1540150B4B}.Release|x64.Build.0 = Release|x64
		{0326E3C8-019A-44C8-A368-6F1540150B4B}.Release|x64.Deploy.0 = Release|x64
		{0326E3C8-019A-44C8-A368-6F1540150B4B}.Release|x86.ActiveCfg = Release|x86
		{0326E3C8-019A-44C8-A368-6F1540150B4B}.Release|x86.Build.0 = Release|x86
		{0326E3C8-019A-44C8-A368-6F1540150B4B}.Release|x86.Deploy.0 = Release|x86
		{FFD980DB-7860-4E30-9519-FC42212642F1}.Debug|Any CPU.ActiveCfg = Debug|x86
		{FFD980DB-7860-4E30-9519-FC42212642F1}.Debug|ARM.ActiveCfg = Debug|ARM
		{FFD980DB-7860-4E30-9519-FC42212642F1}.Debug|ARM.Build.0 = Debug|ARM
		{FFD980DB-7860-4E30-9519-FC42212642F1}.Debug|ARM.Deploy.0 = Debug|ARM
		{FFD980DB-7860-4E30-9519-FC42212642F1}.Debug|x64.ActiveCfg = Debug|x64
		{FFD980DB-7860-4E30-9519-FC42212642F1}.Debug|x64.Build.0 = Debug|x64
		{FFD980DB-7860-4E30-9519-FC42212642F1}.Debug|x64.Deploy.0 = Debug|x64
		{FFD980DB-7860-4E30-9519-FC42212642F1}.Debug|x86.ActiveCfg = Debug|x86
		{FFD980DB-7860-4E30-9519-FC42212642F1}.Debug|x86.Build.0 = Debug|x86
		{FFD980DB-7860-4E30-9519-FC42212642F1}.Debug|x86.Deploy.0 = Debug|x86
		{FFD980DB-7860-4E30-9519-FC42212642F1}.Release|Any CPU.ActiveCfg = Release|x86
		{FFD980DB-7860-4E30-9519-FC42212642F1}.Release|ARM.ActiveCfg = Release|ARM
		{FFD980DB-7860-4E30-9519-FC42212642F1}.Release|ARM.Build.0 = Release|ARM
		{FFD980DB-7860-4E30-9519-FC42212642F1}.Release|ARM.Deploy.0 = Release|ARM
		{FFD980DB-7860-4E30-9519-FC42212642F1}.Release|x64.ActiveCfg = Release|x64
		{FFD980DB-7860-4E30-9519-FC42212642F1}.Release|x64.Build.0 = Release|x64
		{FFD980DB-7860-4E30-9519-FC42212642F1}.Release|x64.Deploy.0 = Release|x64
		{FFD980DB-7860-4E30-9519-FC42212642F1}.Release|x86.ActiveCfg = Release|x86
		{FFD980DB-7860-4E30-9519-FC42212642F1}.Release|x86.Build.0 = Release|x86
		{FFD980DB-7860-4E30-9519-FC42212642F1}.Release|x86.Deploy.0 = Release|x86
		{00B6ADBD-0B3A-47AE-91BF-19D0A5FBC11F}.Debug|Any CPU.ActiveCfg = Debug|Any CPU
		{00B6ADBD-0B3A-47AE-91BF-19D0A5FBC11F}.Debug|Any CPU.Build.0 = Debug|Any CPU
		{00B6ADBD-0B3A-47AE-91BF-19D0A5FBC11F}.Debug|ARM.ActiveCfg = Debug|ARM
		{00B6ADBD-0B3A-47AE-91BF-19D0A5FBC11F}.Debug|ARM.Build.0 = Debug|ARM
		{00B6ADBD-0B3A-47AE-91BF-19D0A5FBC11F}.Debug|x64.ActiveCfg = Debug|x64
		{00B6ADBD-0B3A-47AE-91BF-19D0A5FBC11F}.Debug|x64.Build.0 = Debug|x64
		{00B6ADBD-0B3A-47AE-91BF-19D0A5FBC11F}.Debug|x86.ActiveCfg = Debug|x86
		{00B6ADBD-0B3A-47AE-91BF-19D0A5FBC11F}.Debug|x86.Build.0 = Debug|x86
		{00B6ADBD-0B3A-47AE-91BF-19D0A5FBC11F}.Release|Any CPU.ActiveCfg = Release|Any CPU
		{00B6ADBD-0B3A-47AE-91BF-19D0A5FBC11F}.Release|Any CPU.Build.0 = Release|Any CPU
		{00B6ADBD-0B3A-47AE-91BF-19D0A5FBC11F}.Release|ARM.ActiveCfg = Release|ARM
		{00B6ADBD-0B3A-47AE-91BF-19D0A5FBC11F}.Release|ARM.Build.0 = Release|ARM
		{00B6ADBD-0B3A-47AE-91BF-19D0A5FBC11F}.Release|x64.ActiveCfg = Release|x64
		{00B6ADBD-0B3A-47AE-91BF-19D0A5FBC11F}.Release|x64.Build.0 = Release|x64
		{00B6ADBD-0B3A-47AE-91BF-19D0A5FBC11F}.Release|x86.ActiveCfg = Release|x86
		{00B6ADBD-0B3A-47AE-91BF-19D0A5FBC11F}.Release|x86.Build.0 = Release|x86
		{32E6CA76-1700-4753-B096-0CFE4E8BE93C}.Debug|Any CPU.ActiveCfg = Debug|Any CPU
		{32E6CA76-1700-4753-B096-0CFE4E8BE93C}.Debug|Any CPU.Build.0 = Debug|Any CPU
		{32E6CA76-1700-4753-B096-0CFE4E8BE93C}.Debug|ARM.ActiveCfg = Debug|Any CPU
		{32E6CA76-1700-4753-B096-0CFE4E8BE93C}.Debug|ARM.Build.0 = Debug|Any CPU
		{32E6CA76-1700-4753-B096-0CFE4E8BE93C}.Debug|x64.ActiveCfg = Debug|Any CPU
		{32E6CA76-1700-4753-B096-0CFE4E8BE93C}.Debug|x64.Build.0 = Debug|Any CPU
		{32E6CA76-1700-4753-B096-0CFE4E8BE93C}.Debug|x86.ActiveCfg = Debug|Any CPU
		{32E6CA76-1700-4753-B096-0CFE4E8BE93C}.Debug|x86.Build.0 = Debug|Any CPU
		{32E6CA76-1700-4753-B096-0CFE4E8BE93C}.Release|Any CPU.ActiveCfg = Release|Any CPU
		{32E6CA76-1700-4753-B096-0CFE4E8BE93C}.Release|Any CPU.Build.0 = Release|Any CPU
		{32E6CA76-1700-4753-B096-0CFE4E8BE93C}.Release|ARM.ActiveCfg = Release|Any CPU
		{32E6CA76-1700-4753-B096-0CFE4E8BE93C}.Release|ARM.Build.0 = Release|Any CPU
		{32E6CA76-1700-4753-B096-0CFE4E8BE93C}.Release|x64.ActiveCfg = Release|Any CPU
		{32E6CA76-1700-4753-B096-0CFE4E8BE93C}.Release|x64.Build.0 = Release|Any CPU
		{32E6CA76-1700-4753-B096-0CFE4E8BE93C}.Release|x86.ActiveCfg = Release|Any CPU
		{32E6CA76-1700-4753-B096-0CFE4E8BE93C}.Release|x86.Build.0 = Release|Any CPU
		{C61B3605-9ED1-4B8D-9380-AB0D4D705286}.Debug|Any CPU.ActiveCfg = Debug|Any CPU
		{C61B3605-9ED1-4B8D-9380-AB0D4D705286}.Debug|Any CPU.Build.0 = Debug|Any CPU
		{C61B3605-9ED1-4B8D-9380-AB0D4D705286}.Debug|ARM.ActiveCfg = Debug|ARM
		{C61B3605-9ED1-4B8D-9380-AB0D4D705286}.Debug|ARM.Build.0 = Debug|ARM
		{C61B3605-9ED1-4B8D-9380-AB0D4D705286}.Debug|x64.ActiveCfg = Debug|x64
		{C61B3605-9ED1-4B8D-9380-AB0D4D705286}.Debug|x64.Build.0 = Debug|x64
		{C61B3605-9ED1-4B8D-9380-AB0D4D705286}.Debug|x86.ActiveCfg = Debug|x86
		{C61B3605-9ED1-4B8D-9380-AB0D4D705286}.Debug|x86.Build.0 = Debug|x86
		{C61B3605-9ED1-4B8D-9380-AB0D4D705286}.Release|Any CPU.ActiveCfg = Release|Any CPU
		{C61B3605-9ED1-4B8D-9380-AB0D4D705286}.Release|Any CPU.Build.0 = Release|Any CPU
		{C61B3605-9ED1-4B8D-9380-AB0D4D705286}.Release|ARM.ActiveCfg = Release|ARM
		{C61B3605-9ED1-4B8D-9380-AB0D4D705286}.Release|ARM.Build.0 = Release|ARM
		{C61B3605-9ED1-4B8D-9380-AB0D4D705286}.Release|x64.ActiveCfg = Release|x64
		{C61B3605-9ED1-4B8D-9380-AB0D4D705286}.Release|x64.Build.0 = Release|x64
		{C61B3605-9ED1-4B8D-9380-AB0D4D705286}.Release|x86.ActiveCfg = Release|x86
		{C61B3605-9ED1-4B8D-9380-AB0D4D705286}.Release|x86.Build.0 = Release|x86
		{93927C54-4A43-4C4A-908E-97A60D4A2253}.Debug|Any CPU.ActiveCfg = Debug|x86
		{93927C54-4A43-4C4A-908E-97A60D4A2253}.Debug|ARM.ActiveCfg = Debug|ARM
		{93927C54-4A43-4C4A-908E-97A60D4A2253}.Debug|ARM.Build.0 = Debug|ARM
		{93927C54-4A43-4C4A-908E-97A60D4A2253}.Debug|ARM.Deploy.0 = Debug|ARM
		{93927C54-4A43-4C4A-908E-97A60D4A2253}.Debug|x64.ActiveCfg = Debug|x64
		{93927C54-4A43-4C4A-908E-97A60D4A2253}.Debug|x64.Build.0 = Debug|x64
		{93927C54-4A43-4C4A-908E-97A60D4A2253}.Debug|x64.Deploy.0 = Debug|x64
		{93927C54-4A43-4C4A-908E-97A60D4A2253}.Debug|x86.ActiveCfg = Debug|x86
		{93927C54-4A43-4C4A-908E-97A60D4A2253}.Debug|x86.Build.0 = Debug|x86
		{93927C54-4A43-4C4A-908E-97A60D4A2253}.Debug|x86.Deploy.0 = Debug|x86
		{93927C54-4A43-4C4A-908E-97A60D4A2253}.Release|Any CPU.ActiveCfg = Release|x86
		{93927C54-4A43-4C4A-908E-97A60D4A2253}.Release|ARM.ActiveCfg = Release|ARM
		{93927C54-4A43-4C4A-908E-97A60D4A2253}.Release|ARM.Build.0 = Release|ARM
		{93927C54-4A43-4C4A-908E-97A60D4A2253}.Release|ARM.Deploy.0 = Release|ARM
		{93927C54-4A43-4C4A-908E-97A60D4A2253}.Release|x64.ActiveCfg = Release|x64
		{93927C54-4A43-4C4A-908E-97A60D4A2253}.Release|x64.Build.0 = Release|x64
		{93927C54-4A43-4C4A-908E-97A60D4A2253}.Release|x64.Deploy.0 = Release|x64
		{93927C54-4A43-4C4A-908E-97A60D4A2253}.Release|x86.ActiveCfg = Release|x86
		{93927C54-4A43-4C4A-908E-97A60D4A2253}.Release|x86.Build.0 = Release|x86
		{93927C54-4A43-4C4A-908E-97A60D4A2253}.Release|x86.Deploy.0 = Release|x86
		{C1A4FADA-32A9-4DDD-83F0-72CF8209D54D}.Debug|Any CPU.ActiveCfg = Debug|x86
		{C1A4FADA-32A9-4DDD-83F0-72CF8209D54D}.Debug|ARM.ActiveCfg = Debug|ARM
		{C1A4FADA-32A9-4DDD-83F0-72CF8209D54D}.Debug|ARM.Build.0 = Debug|ARM
		{C1A4FADA-32A9-4DDD-83F0-72CF8209D54D}.Debug|ARM.Deploy.0 = Debug|ARM
		{C1A4FADA-32A9-4DDD-83F0-72CF8209D54D}.Debug|x64.ActiveCfg = Debug|x64
		{C1A4FADA-32A9-4DDD-83F0-72CF8209D54D}.Debug|x64.Build.0 = Debug|x64
		{C1A4FADA-32A9-4DDD-83F0-72CF8209D54D}.Debug|x64.Deploy.0 = Debug|x64
		{C1A4FADA-32A9-4DDD-83F0-72CF8209D54D}.Debug|x86.ActiveCfg = Debug|x86
		{C1A4FADA-32A9-4DDD-83F0-72CF8209D54D}.Debug|x86.Build.0 = Debug|x86
		{C1A4FADA-32A9-4DDD-83F0-72CF8209D54D}.Debug|x86.Deploy.0 = Debug|x86
		{C1A4FADA-32A9-4DDD-83F0-72CF8209D54D}.Release|Any CPU.ActiveCfg = Release|x86
		{C1A4FADA-32A9-4DDD-83F0-72CF8209D54D}.Release|ARM.ActiveCfg = Release|ARM
		{C1A4FADA-32A9-4DDD-83F0-72CF8209D54D}.Release|ARM.Build.0 = Release|ARM
		{C1A4FADA-32A9-4DDD-83F0-72CF8209D54D}.Release|ARM.Deploy.0 = Release|ARM
		{C1A4FADA-32A9-4DDD-83F0-72CF8209D54D}.Release|x64.ActiveCfg = Release|x64
		{C1A4FADA-32A9-4DDD-83F0-72CF8209D54D}.Release|x64.Build.0 = Release|x64
		{C1A4FADA-32A9-4DDD-83F0-72CF8209D54D}.Release|x64.Deploy.0 = Release|x64
		{C1A4FADA-32A9-4DDD-83F0-72CF8209D54D}.Release|x86.ActiveCfg = Release|x86
		{C1A4FADA-32A9-4DDD-83F0-72CF8209D54D}.Release|x86.Build.0 = Release|x86
		{C1A4FADA-32A9-4DDD-83F0-72CF8209D54D}.Release|x86.Deploy.0 = Release|x86
	EndGlobalSection
	GlobalSection(SolutionProperties) = preSolution
		HideSolutionNode = FALSE
	EndGlobalSection
EndGlobal
